
Microsoft Visual Studio Solution File, Format Version 12.00
# Visual Studio Version 16
VisualStudioVersion = 16.0.30907.101
MinimumVisualStudioVersion = 10.0.40219.1
Project("{9A19103F-16F7-4668-BE54-9A1E7A4F7556}") = "TicTacToe.Api", "TicTacToe.Api\TicTacToe.Api.csproj", "{3FC4FD3C-7752-4EF3-A9D8-7AFF09796EF1}"
EndProject
Project("{2150E333-8FDC-42A3-9474-1A3956D46DE8}") = "Solution Items", "Solution Items", "{500E0210-F3F2-4045-852A-176988037A25}"
	ProjectSection(SolutionItems) = preProject
		..\.env = ..\.env
	EndProjectSection
EndProject
Project("{9A19103F-16F7-4668-BE54-9A1E7A4F7556}") = "TicTacToe.App", "..\TicTacToe.App\TicTacToe.App.csproj", "{73252F2D-B5E1-433D-8C08-11A31FB0C67E}"
EndProject
Project("{E53339B2-1760-4266-BCC7-CA923CBCF16C}") = "docker-compose", "..\docker-compose.dcproj", "{0883DAA8-CB1D-432E-8503-91ABC4F2B0A4}"
EndProject
Project("{9A19103F-16F7-4668-BE54-9A1E7A4F7556}") = "TicTacToe.Models", "..\TicTacToe.Models\TicTacToe.Models.csproj", "{9C60779E-53B3-4A13-916D-B0C11D22ADBA}"
EndProject
Project("{FAE04EC0-301F-11D3-BF4B-00C04F79EFBC}") = "TicTacToe.Tests", "..\TicTacToe.Tests\TicTacToe.Tests.csproj", "{11737F8A-4089-432D-95C1-C5F98C653FFD}"
EndProject
Global
	GlobalSection(SolutionConfigurationPlatforms) = preSolution
		Debug|Any CPU = Debug|Any CPU
		Release|Any CPU = Release|Any CPU
	EndGlobalSection
	GlobalSection(ProjectConfigurationPlatforms) = postSolution
		{3FC4FD3C-7752-4EF3-A9D8-7AFF09796EF1}.Debug|Any CPU.ActiveCfg = Debug|Any CPU
		{3FC4FD3C-7752-4EF3-A9D8-7AFF09796EF1}.Debug|Any CPU.Build.0 = Debug|Any CPU
		{3FC4FD3C-7752-4EF3-A9D8-7AFF09796EF1}.Release|Any CPU.ActiveCfg = Release|Any CPU
		{3FC4FD3C-7752-4EF3-A9D8-7AFF09796EF1}.Release|Any CPU.Build.0 = Release|Any CPU
		{73252F2D-B5E1-433D-8C08-11A31FB0C67E}.Debug|Any CPU.ActiveCfg = Debug|Any CPU
		{73252F2D-B5E1-433D-8C08-11A31FB0C67E}.Debug|Any CPU.Build.0 = Debug|Any CPU
		{73252F2D-B5E1-433D-8C08-11A31FB0C67E}.Release|Any CPU.ActiveCfg = Release|Any CPU
		{73252F2D-B5E1-433D-8C08-11A31FB0C67E}.Release|Any CPU.Build.0 = Release|Any CPU
		{0883DAA8-CB1D-432E-8503-91ABC4F2B0A4}.Debug|Any CPU.ActiveCfg = Debug|Any CPU
		{0883DAA8-CB1D-432E-8503-91ABC4F2B0A4}.Debug|Any CPU.Build.0 = Debug|Any CPU
		{0883DAA8-CB1D-432E-8503-91ABC4F2B0A4}.Release|Any CPU.ActiveCfg = Release|Any CPU
		{0883DAA8-CB1D-432E-8503-91ABC4F2B0A4}.Release|Any CPU.Build.0 = Release|Any CPU
		{9C60779E-53B3-4A13-916D-B0C11D22ADBA}.Debug|Any CPU.ActiveCfg = Debug|Any CPU
		{9C60779E-53B3-4A13-916D-B0C11D22ADBA}.Debug|Any CPU.Build.0 = Debug|Any CPU
		{9C60779E-53B3-4A13-916D-B0C11D22ADBA}.Release|Any CPU.ActiveCfg = Release|Any CPU
		{9C60779E-53B3-4A13-916D-B0C11D22ADBA}.Release|Any CPU.Build.0 = Release|Any CPU
		{11737F8A-4089-432D-95C1-C5F98C653FFD}.Debug|Any CPU.ActiveCfg = Debug|Any CPU
		{11737F8A-4089-432D-95C1-C5F98C653FFD}.Debug|Any CPU.Build.0 = Debug|Any CPU
		{11737F8A-4089-432D-95C1-C5F98C653FFD}.Release|Any CPU.ActiveCfg = Release|Any CPU
		{11737F8A-4089-432D-95C1-C5F98C653FFD}.Release|Any CPU.Build.0 = Release|Any CPU
	EndGlobalSection
	GlobalSection(SolutionProperties) = preSolution
		HideSolutionNode = FALSE
	EndGlobalSection
	GlobalSection(ExtensibilityGlobals) = postSolution
		SolutionGuid = {5CD10129-B096-48A5-B513-2379C8E2EC2D}
	EndGlobalSection
EndGlobal
